
Microsoft Visual Studio Solution File, Format Version 11.00
# Visual Studio 2010
Project("{FAE04EC0-301F-11D3-BF4B-00C04F79EFBC}") = "UIProject", "TabbedInterface\UIProject.csproj", "{2E3EBBEA-33A9-4756-9B59-3D31342A40AF}"
EndProject
Project("{FAE04EC0-301F-11D3-BF4B-00C04F79EFBC}") = "TextEditor", "..\..\..\Third Party Source\Avalon\ICSharpCode.AvalonEdit\TextEditor.csproj", "{6C55B776-26D4-4DB3-A6AB-87E783B2F3D1}"
EndProject
Project("{FAE04EC0-301F-11D3-BF4B-00C04F79EFBC}") = "LoggingManager", "LoggingManager\LoggingManager.csproj", "{8E7AA674-6CB2-4DBC-AF29-CB180250AF1D}"
EndProject
Project("{FAE04EC0-301F-11D3-BF4B-00C04F79EFBC}") = "PhysicsManager", "PhysicsManager\PhysicsManager.csproj", "{10D5EB28-B12C-4128-84A6-B0DAE4CD7732}"
EndProject
Project("{FAE04EC0-301F-11D3-BF4B-00C04F79EFBC}") = "Compiler", "Compiler\Compiler.csproj", "{C1E23F05-F4AC-4769-893A-97F43B03B4C5}"
EndProject
Project("{FAE04EC0-301F-11D3-BF4B-00C04F79EFBC}") = "UnitTestProject", "PadTest\UnitTestProject.csproj", "{82CE6C5E-2638-45A4-BCB4-100062ECD73D}"
EndProject
Project("{2150E333-8FDC-42A3-9474-1A3956D46DE8}") = "Solution Items", "Solution Items", "{75F7EA1D-BE40-4D53-9387-FE2FCFE8D6AD}"
	ProjectSection(SolutionItems) = preProject
		Local.testsettings = Local.testsettings
		OpenPadProject.vsmdi = OpenPadProject.vsmdi
		TraceAndTestImpact.testsettings = TraceAndTestImpact.testsettings
	EndProjectSection
EndProject
Project("{FAE04EC0-301F-11D3-BF4B-00C04F79EFBC}") = "MessageManager", "MessageHandling\MessageManager.csproj", "{B19C4325-8060-46BC-81E6-99D8DE09ADAC}"
EndProject
Global
	GlobalSection(TestCaseManagementSettings) = postSolution
		CategoryFile = OpenPadProject.vsmdi
	EndGlobalSection
	GlobalSection(SolutionConfigurationPlatforms) = preSolution
		Debug|Any CPU = Debug|Any CPU
		Debug|Mixed Platforms = Debug|Mixed Platforms
		Debug|x86 = Debug|x86
		FxCop|Any CPU = FxCop|Any CPU
		FxCop|Mixed Platforms = FxCop|Mixed Platforms
		FxCop|x86 = FxCop|x86
		Release|Any CPU = Release|Any CPU
		Release|Mixed Platforms = Release|Mixed Platforms
		Release|x86 = Release|x86
		Silverlight3Debug|Any CPU = Silverlight3Debug|Any CPU
		Silverlight3Debug|Mixed Platforms = Silverlight3Debug|Mixed Platforms
		Silverlight3Debug|x86 = Silverlight3Debug|x86
		Silverlight3Release|Any CPU = Silverlight3Release|Any CPU
		Silverlight3Release|Mixed Platforms = Silverlight3Release|Mixed Platforms
		Silverlight3Release|x86 = Silverlight3Release|x86
		Silverlight4Debug|Any CPU = Silverlight4Debug|Any CPU
		Silverlight4Debug|Mixed Platforms = Silverlight4Debug|Mixed Platforms
		Silverlight4Debug|x86 = Silverlight4Debug|x86
		Silverlight4Release|Any CPU = Silverlight4Release|Any CPU
		Silverlight4Release|Mixed Platforms = Silverlight4Release|Mixed Platforms
		Silverlight4Release|x86 = Silverlight4Release|x86
		v2Debug|Any CPU = v2Debug|Any CPU
		v2Debug|Mixed Platforms = v2Debug|Mixed Platforms
		v2Debug|x86 = v2Debug|x86
		v2Release|Any CPU = v2Release|Any CPU
		v2Release|Mixed Platforms = v2Release|Mixed Platforms
		v2Release|x86 = v2Release|x86
	EndGlobalSection
	GlobalSection(ProjectConfigurationPlatforms) = postSolution
		{2E3EBBEA-33A9-4756-9B59-3D31342A40AF}.Debug|Any CPU.ActiveCfg = Debug|x86
		{2E3EBBEA-33A9-4756-9B59-3D31342A40AF}.Debug|Mixed Platforms.ActiveCfg = Debug|x86
		{2E3EBBEA-33A9-4756-9B59-3D31342A40AF}.Debug|Mixed Platforms.Build.0 = Debug|x86
		{2E3EBBEA-33A9-4756-9B59-3D31342A40AF}.Debug|x86.ActiveCfg = Debug|x86
		{2E3EBBEA-33A9-4756-9B59-3D31342A40AF}.Debug|x86.Build.0 = Debug|x86
		{2E3EBBEA-33A9-4756-9B59-3D31342A40AF}.FxCop|Any CPU.ActiveCfg = Release|x86
		{2E3EBBEA-33A9-4756-9B59-3D31342A40AF}.FxCop|Mixed Platforms.ActiveCfg = Release|x86
		{2E3EBBEA-33A9-4756-9B59-3D31342A40AF}.FxCop|Mixed Platforms.Build.0 = Release|x86
		{2E3EBBEA-33A9-4756-9B59-3D31342A40AF}.FxCop|x86.ActiveCfg = Release|x86
		{2E3EBBEA-33A9-4756-9B59-3D31342A40AF}.FxCop|x86.Build.0 = Release|x86
		{2E3EBBEA-33A9-4756-9B59-3D31342A40AF}.Release|Any CPU.ActiveCfg = Release|x86
		{2E3EBBEA-33A9-4756-9B59-3D31342A40AF}.Release|Mixed Platforms.ActiveCfg = Release|x86
		{2E3EBBEA-33A9-4756-9B59-3D31342A40AF}.Release|Mixed Platforms.Build.0 = Release|x86
		{2E3EBBEA-33A9-4756-9B59-3D31342A40AF}.Release|x86.ActiveCfg = Release|x86
		{2E3EBBEA-33A9-4756-9B59-3D31342A40AF}.Release|x86.Build.0 = Release|x86
		{2E3EBBEA-33A9-4756-9B59-3D31342A40AF}.Silverlight3Debug|Any CPU.ActiveCfg = Debug|x86
		{2E3EBBEA-33A9-4756-9B59-3D31342A40AF}.Silverlight3Debug|Mixed Platforms.ActiveCfg = Debug|x86
		{2E3EBBEA-33A9-4756-9B59-3D31342A40AF}.Silverlight3Debug|Mixed Platforms.Build.0 = Debug|x86
		{2E3EBBEA-33A9-4756-9B59-3D31342A40AF}.Silverlight3Debug|x86.ActiveCfg = Debug|x86
		{2E3EBBEA-33A9-4756-9B59-3D31342A40AF}.Silverlight3Debug|x86.Build.0 = Debug|x86
		{2E3EBBEA-33A9-4756-9B59-3D31342A40AF}.Silverlight3Release|Any CPU.ActiveCfg = Release|x86
		{2E3EBBEA-33A9-4756-9B59-3D31342A40AF}.Silverlight3Release|Mixed Platforms.ActiveCfg = Release|x86
		{2E3EBBEA-33A9-4756-9B59-3D31342A40AF}.Silverlight3Release|Mixed Platforms.Build.0 = Release|x86
		{2E3EBBEA-33A9-4756-9B59-3D31342A40AF}.Silverlight3Release|x86.ActiveCfg = Release|x86
		{2E3EBBEA-33A9-4756-9B59-3D31342A40AF}.Silverlight3Release|x86.Build.0 = Release|x86
		{2E3EBBEA-33A9-4756-9B59-3D31342A40AF}.Silverlight4Debug|Any CPU.ActiveCfg = Debug|x86
		{2E3EBBEA-33A9-4756-9B59-3D31342A40AF}.Silverlight4Debug|Mixed Platforms.ActiveCfg = Debug|x86
		{2E3EBBEA-33A9-4756-9B59-3D31342A40AF}.Silverlight4Debug|Mixed Platforms.Build.0 = Debug|x86
		{2E3EBBEA-33A9-4756-9B59-3D31342A40AF}.Silverlight4Debug|x86.ActiveCfg = Debug|x86
		{2E3EBBEA-33A9-4756-9B59-3D31342A40AF}.Silverlight4Debug|x86.Build.0 = Debug|x86
		{2E3EBBEA-33A9-4756-9B59-3D31342A40AF}.Silverlight4Release|Any CPU.ActiveCfg = Release|x86
		{2E3EBBEA-33A9-4756-9B59-3D31342A40AF}.Silverlight4Release|Mixed Platforms.ActiveCfg = Release|x86
		{2E3EBBEA-33A9-4756-9B59-3D31342A40AF}.Silverlight4Release|Mixed Platforms.Build.0 = Release|x86
		{2E3EBBEA-33A9-4756-9B59-3D31342A40AF}.Silverlight4Release|x86.ActiveCfg = Release|x86
		{2E3EBBEA-33A9-4756-9B59-3D31342A40AF}.Silverlight4Release|x86.Build.0 = Release|x86
		{2E3EBBEA-33A9-4756-9B59-3D31342A40AF}.v2Debug|Any CPU.ActiveCfg = Debug|x86
		{2E3EBBEA-33A9-4756-9B59-3D31342A40AF}.v2Debug|Mixed Platforms.ActiveCfg = Debug|x86
		{2E3EBBEA-33A9-4756-9B59-3D31342A40AF}.v2Debug|Mixed Platforms.Build.0 = Debug|x86
		{2E3EBBEA-33A9-4756-9B59-3D31342A40AF}.v2Debug|x86.ActiveCfg = Debug|x86
		{2E3EBBEA-33A9-4756-9B59-3D31342A40AF}.v2Debug|x86.Build.0 = Debug|x86
		{2E3EBBEA-33A9-4756-9B59-3D31342A40AF}.v2Release|Any CPU.ActiveCfg = Release|x86
		{2E3EBBEA-33A9-4756-9B59-3D31342A40AF}.v2Release|Mixed Platforms.ActiveCfg = Release|x86
		{2E3EBBEA-33A9-4756-9B59-3D31342A40AF}.v2Release|Mixed Platforms.Build.0 = Release|x86
		{2E3EBBEA-33A9-4756-9B59-3D31342A40AF}.v2Release|x86.ActiveCfg = Release|x86
		{2E3EBBEA-33A9-4756-9B59-3D31342A40AF}.v2Release|x86.Build.0 = Release|x86
		{6C55B776-26D4-4DB3-A6AB-87E783B2F3D1}.Debug|Any CPU.ActiveCfg = Debug|Any CPU
		{6C55B776-26D4-4DB3-A6AB-87E783B2F3D1}.Debug|Any CPU.Build.0 = Debug|Any CPU
		{6C55B776-26D4-4DB3-A6AB-87E783B2F3D1}.Debug|Mixed Platforms.ActiveCfg = Debug|Any CPU
		{6C55B776-26D4-4DB3-A6AB-87E783B2F3D1}.Debug|Mixed Platforms.Build.0 = Debug|Any CPU
		{6C55B776-26D4-4DB3-A6AB-87E783B2F3D1}.Debug|x86.ActiveCfg = Debug|Any CPU
		{6C55B776-26D4-4DB3-A6AB-87E783B2F3D1}.FxCop|Any CPU.ActiveCfg = Release|Any CPU
		{6C55B776-26D4-4DB3-A6AB-87E783B2F3D1}.FxCop|Any CPU.Build.0 = Release|Any CPU
		{6C55B776-26D4-4DB3-A6AB-87E783B2F3D1}.FxCop|Mixed Platforms.ActiveCfg = Release|Any CPU
		{6C55B776-26D4-4DB3-A6AB-87E783B2F3D1}.FxCop|Mixed Platforms.Build.0 = Release|Any CPU
		{6C55B776-26D4-4DB3-A6AB-87E783B2F3D1}.FxCop|x86.ActiveCfg = Release|Any CPU
		{6C55B776-26D4-4DB3-A6AB-87E783B2F3D1}.Release|Any CPU.ActiveCfg = Release|Any CPU
		{6C55B776-26D4-4DB3-A6AB-87E783B2F3D1}.Release|Any CPU.Build.0 = Release|Any CPU
		{6C55B776-26D4-4DB3-A6AB-87E783B2F3D1}.Release|Mixed Platforms.ActiveCfg = Release|Any CPU
		{6C55B776-26D4-4DB3-A6AB-87E783B2F3D1}.Release|Mixed Platforms.Build.0 = Release|Any CPU
		{6C55B776-26D4-4DB3-A6AB-87E783B2F3D1}.Release|x86.ActiveCfg = Release|Any CPU
		{6C55B776-26D4-4DB3-A6AB-87E783B2F3D1}.Silverlight3Debug|Any CPU.ActiveCfg = Debug|Any CPU
		{6C55B776-26D4-4DB3-A6AB-87E783B2F3D1}.Silverlight3Debug|Any CPU.Build.0 = Debug|Any CPU
		{6C55B776-26D4-4DB3-A6AB-87E783B2F3D1}.Silverlight3Debug|Mixed Platforms.ActiveCfg = Debug|Any CPU
		{6C55B776-26D4-4DB3-A6AB-87E783B2F3D1}.Silverlight3Debug|Mixed Platforms.Build.0 = Debug|Any CPU
		{6C55B776-26D4-4DB3-A6AB-87E783B2F3D1}.Silverlight3Debug|x86.ActiveCfg = Debug|Any CPU
		{6C55B776-26D4-4DB3-A6AB-87E783B2F3D1}.Silverlight3Release|Any CPU.ActiveCfg = Release|Any CPU
		{6C55B776-26D4-4DB3-A6AB-87E783B2F3D1}.Silverlight3Release|Any CPU.Build.0 = Release|Any CPU
		{6C55B776-26D4-4DB3-A6AB-87E783B2F3D1}.Silverlight3Release|Mixed Platforms.ActiveCfg = Release|Any CPU
		{6C55B776-26D4-4DB3-A6AB-87E783B2F3D1}.Silverlight3Release|Mixed Platforms.Build.0 = Release|Any CPU
		{6C55B776-26D4-4DB3-A6AB-87E783B2F3D1}.Silverlight3Release|x86.ActiveCfg = Release|Any CPU
		{6C55B776-26D4-4DB3-A6AB-87E783B2F3D1}.Silverlight4Debug|Any CPU.ActiveCfg = Debug|Any CPU
		{6C55B776-26D4-4DB3-A6AB-87E783B2F3D1}.Silverlight4Debug|Any CPU.Build.0 = Debug|Any CPU
		{6C55B776-26D4-4DB3-A6AB-87E783B2F3D1}.Silverlight4Debug|Mixed Platforms.ActiveCfg = Debug|Any CPU
		{6C55B776-26D4-4DB3-A6AB-87E783B2F3D1}.Silverlight4Debug|Mixed Platforms.Build.0 = Debug|Any CPU
		{6C55B776-26D4-4DB3-A6AB-87E783B2F3D1}.Silverlight4Debug|x86.ActiveCfg = Debug|Any CPU
		{6C55B776-26D4-4DB3-A6AB-87E783B2F3D1}.Silverlight4Release|Any CPU.ActiveCfg = Release|Any CPU
		{6C55B776-26D4-4DB3-A6AB-87E783B2F3D1}.Silverlight4Release|Any CPU.Build.0 = Release|Any CPU
		{6C55B776-26D4-4DB3-A6AB-87E783B2F3D1}.Silverlight4Release|Mixed Platforms.ActiveCfg = Release|Any CPU
		{6C55B776-26D4-4DB3-A6AB-87E783B2F3D1}.Silverlight4Release|Mixed Platforms.Build.0 = Release|Any CPU
		{6C55B776-26D4-4DB3-A6AB-87E783B2F3D1}.Silverlight4Release|x86.ActiveCfg = Release|Any CPU
		{6C55B776-26D4-4DB3-A6AB-87E783B2F3D1}.v2Debug|Any CPU.ActiveCfg = Debug|Any CPU
		{6C55B776-26D4-4DB3-A6AB-87E783B2F3D1}.v2Debug|Any CPU.Build.0 = Debug|Any CPU
		{6C55B776-26D4-4DB3-A6AB-87E783B2F3D1}.v2Debug|Mixed Platforms.ActiveCfg = Debug|Any CPU
		{6C55B776-26D4-4DB3-A6AB-87E783B2F3D1}.v2Debug|Mixed Platforms.Build.0 = Debug|Any CPU
		{6C55B776-26D4-4DB3-A6AB-87E783B2F3D1}.v2Debug|x86.ActiveCfg = Debug|Any CPU
		{6C55B776-26D4-4DB3-A6AB-87E783B2F3D1}.v2Release|Any CPU.ActiveCfg = Release|Any CPU
		{6C55B776-26D4-4DB3-A6AB-87E783B2F3D1}.v2Release|Any CPU.Build.0 = Release|Any CPU
		{6C55B776-26D4-4DB3-A6AB-87E783B2F3D1}.v2Release|Mixed Platforms.ActiveCfg = Release|Any CPU
		{6C55B776-26D4-4DB3-A6AB-87E783B2F3D1}.v2Release|Mixed Platforms.Build.0 = Release|Any CPU
		{6C55B776-26D4-4DB3-A6AB-87E783B2F3D1}.v2Release|x86.ActiveCfg = Release|Any CPU
		{8E7AA674-6CB2-4DBC-AF29-CB180250AF1D}.Debug|Any CPU.ActiveCfg = Debug|Any CPU
		{8E7AA674-6CB2-4DBC-AF29-CB180250AF1D}.Debug|Any CPU.Build.0 = Debug|Any CPU
		{8E7AA674-6CB2-4DBC-AF29-CB180250AF1D}.Debug|Mixed Platforms.ActiveCfg = Debug|Any CPU
		{8E7AA674-6CB2-4DBC-AF29-CB180250AF1D}.Debug|Mixed Platforms.Build.0 = Debug|Any CPU
		{8E7AA674-6CB2-4DBC-AF29-CB180250AF1D}.Debug|x86.ActiveCfg = Debug|Any CPU
		{8E7AA674-6CB2-4DBC-AF29-CB180250AF1D}.FxCop|Any CPU.ActiveCfg = Release|Any CPU
		{8E7AA674-6CB2-4DBC-AF29-CB180250AF1D}.FxCop|Any CPU.Build.0 = Release|Any CPU
		{8E7AA674-6CB2-4DBC-AF29-CB180250AF1D}.FxCop|Mixed Platforms.ActiveCfg = Release|Any CPU
		{8E7AA674-6CB2-4DBC-AF29-CB180250AF1D}.FxCop|Mixed Platforms.Build.0 = Release|Any CPU
		{8E7AA674-6CB2-4DBC-AF29-CB180250AF1D}.FxCop|x86.ActiveCfg = Release|Any CPU
		{8E7AA674-6CB2-4DBC-AF29-CB180250AF1D}.Release|Any CPU.ActiveCfg = Release|Any CPU
		{8E7AA674-6CB2-4DBC-AF29-CB180250AF1D}.Release|Any CPU.Build.0 = Release|Any CPU
		{8E7AA674-6CB2-4DBC-AF29-CB180250AF1D}.Release|Mixed Platforms.ActiveCfg = Release|Any CPU
		{8E7AA674-6CB2-4DBC-AF29-CB180250AF1D}.Release|Mixed Platforms.Build.0 = Release|Any CPU
		{8E7AA674-6CB2-4DBC-AF29-CB180250AF1D}.Release|x86.ActiveCfg = Release|Any CPU
		{8E7AA674-6CB2-4DBC-AF29-CB180250AF1D}.Silverlight3Debug|Any CPU.ActiveCfg = Debug|Any CPU
		{8E7AA674-6CB2-4DBC-AF29-CB180250AF1D}.Silverlight3Debug|Any CPU.Build.0 = Debug|Any CPU
		{8E7AA674-6CB2-4DBC-AF29-CB180250AF1D}.Silverlight3Debug|Mixed Platforms.ActiveCfg = Debug|Any CPU
		{8E7AA674-6CB2-4DBC-AF29-CB180250AF1D}.Silverlight3Debug|Mixed Platforms.Build.0 = Debug|Any CPU
		{8E7AA674-6CB2-4DBC-AF29-CB180250AF1D}.Silverlight3Debug|x86.ActiveCfg = Debug|Any CPU
		{8E7AA674-6CB2-4DBC-AF29-CB180250AF1D}.Silverlight3Release|Any CPU.ActiveCfg = Release|Any CPU
		{8E7AA674-6CB2-4DBC-AF29-CB180250AF1D}.Silverlight3Release|Any CPU.Build.0 = Release|Any CPU
		{8E7AA674-6CB2-4DBC-AF29-CB180250AF1D}.Silverlight3Release|Mixed Platforms.ActiveCfg = Release|Any CPU
		{8E7AA674-6CB2-4DBC-AF29-CB180250AF1D}.Silverlight3Release|Mixed Platforms.Build.0 = Release|Any CPU
		{8E7AA674-6CB2-4DBC-AF29-CB180250AF1D}.Silverlight3Release|x86.ActiveCfg = Release|Any CPU
		{8E7AA674-6CB2-4DBC-AF29-CB180250AF1D}.Silverlight4Debug|Any CPU.ActiveCfg = Debug|Any CPU
		{8E7AA674-6CB2-4DBC-AF29-CB180250AF1D}.Silverlight4Debug|Any CPU.Build.0 = Debug|Any CPU
		{8E7AA674-6CB2-4DBC-AF29-CB180250AF1D}.Silverlight4Debug|Mixed Platforms.ActiveCfg = Debug|Any CPU
		{8E7AA674-6CB2-4DBC-AF29-CB180250AF1D}.Silverlight4Debug|Mixed Platforms.Build.0 = Debug|Any CPU
		{8E7AA674-6CB2-4DBC-AF29-CB180250AF1D}.Silverlight4Debug|x86.ActiveCfg = Debug|Any CPU
		{8E7AA674-6CB2-4DBC-AF29-CB180250AF1D}.Silverlight4Release|Any CPU.ActiveCfg = Release|Any CPU
		{8E7AA674-6CB2-4DBC-AF29-CB180250AF1D}.Silverlight4Release|Any CPU.Build.0 = Release|Any CPU
		{8E7AA674-6CB2-4DBC-AF29-CB180250AF1D}.Silverlight4Release|Mixed Platforms.ActiveCfg = Release|Any CPU
		{8E7AA674-6CB2-4DBC-AF29-CB180250AF1D}.Silverlight4Release|Mixed Platforms.Build.0 = Release|Any CPU
		{8E7AA674-6CB2-4DBC-AF29-CB180250AF1D}.Silverlight4Release|x86.ActiveCfg = Release|Any CPU
		{8E7AA674-6CB2-4DBC-AF29-CB180250AF1D}.v2Debug|Any CPU.ActiveCfg = Debug|Any CPU
		{8E7AA674-6CB2-4DBC-AF29-CB180250AF1D}.v2Debug|Any CPU.Build.0 = Debug|Any CPU
		{8E7AA674-6CB2-4DBC-AF29-CB180250AF1D}.v2Debug|Mixed Platforms.ActiveCfg = Debug|Any CPU
		{8E7AA674-6CB2-4DBC-AF29-CB180250AF1D}.v2Debug|Mixed Platforms.Build.0 = Debug|Any CPU
		{8E7AA674-6CB2-4DBC-AF29-CB180250AF1D}.v2Debug|x86.ActiveCfg = Debug|Any CPU
		{8E7AA674-6CB2-4DBC-AF29-CB180250AF1D}.v2Release|Any CPU.ActiveCfg = Release|Any CPU
		{8E7AA674-6CB2-4DBC-AF29-CB180250AF1D}.v2Release|Any CPU.Build.0 = Release|Any CPU
		{8E7AA674-6CB2-4DBC-AF29-CB180250AF1D}.v2Release|Mixed Platforms.ActiveCfg = Release|Any CPU
		{8E7AA674-6CB2-4DBC-AF29-CB180250AF1D}.v2Release|Mixed Platforms.Build.0 = Release|Any CPU
		{8E7AA674-6CB2-4DBC-AF29-CB180250AF1D}.v2Release|x86.ActiveCfg = Release|Any CPU
		{10D5EB28-B12C-4128-84A6-B0DAE4CD7732}.Debug|Any CPU.ActiveCfg = Debug|Any CPU
		{10D5EB28-B12C-4128-84A6-B0DAE4CD7732}.Debug|Any CPU.Build.0 = Debug|Any CPU
		{10D5EB28-B12C-4128-84A6-B0DAE4CD7732}.Debug|Mixed Platforms.ActiveCfg = Debug|Any CPU
		{10D5EB28-B12C-4128-84A6-B0DAE4CD7732}.Debug|Mixed Platforms.Build.0 = Debug|Any CPU
		{10D5EB28-B12C-4128-84A6-B0DAE4CD7732}.Debug|x86.ActiveCfg = Debug|Any CPU
		{10D5EB28-B12C-4128-84A6-B0DAE4CD7732}.FxCop|Any CPU.ActiveCfg = Release|Any CPU
		{10D5EB28-B12C-4128-84A6-B0DAE4CD7732}.FxCop|Any CPU.Build.0 = Release|Any CPU
		{10D5EB28-B12C-4128-84A6-B0DAE4CD7732}.FxCop|Mixed Platforms.ActiveCfg = Release|Any CPU
		{10D5EB28-B12C-4128-84A6-B0DAE4CD7732}.FxCop|Mixed Platforms.Build.0 = Release|Any CPU
		{10D5EB28-B12C-4128-84A6-B0DAE4CD7732}.FxCop|x86.ActiveCfg = Release|Any CPU
		{10D5EB28-B12C-4128-84A6-B0DAE4CD7732}.Release|Any CPU.ActiveCfg = Release|Any CPU
		{10D5EB28-B12C-4128-84A6-B0DAE4CD7732}.Release|Any CPU.Build.0 = Release|Any CPU
		{10D5EB28-B12C-4128-84A6-B0DAE4CD7732}.Release|Mixed Platforms.ActiveCfg = Release|Any CPU
		{10D5EB28-B12C-4128-84A6-B0DAE4CD7732}.Release|Mixed Platforms.Build.0 = Release|Any CPU
		{10D5EB28-B12C-4128-84A6-B0DAE4CD7732}.Release|x86.ActiveCfg = Release|Any CPU
		{10D5EB28-B12C-4128-84A6-B0DAE4CD7732}.Silverlight3Debug|Any CPU.ActiveCfg = Debug|Any CPU
		{10D5EB28-B12C-4128-84A6-B0DAE4CD7732}.Silverlight3Debug|Any CPU.Build.0 = Debug|Any CPU
		{10D5EB28-B12C-4128-84A6-B0DAE4CD7732}.Silverlight3Debug|Mixed Platforms.ActiveCfg = Debug|Any CPU
		{10D5EB28-B12C-4128-84A6-B0DAE4CD7732}.Silverlight3Debug|Mixed Platforms.Build.0 = Debug|Any CPU
		{10D5EB28-B12C-4128-84A6-B0DAE4CD7732}.Silverlight3Debug|x86.ActiveCfg = Debug|Any CPU
		{10D5EB28-B12C-4128-84A6-B0DAE4CD7732}.Silverlight3Release|Any CPU.ActiveCfg = Release|Any CPU
		{10D5EB28-B12C-4128-84A6-B0DAE4CD7732}.Silverlight3Release|Any CPU.Build.0 = Release|Any CPU
		{10D5EB28-B12C-4128-84A6-B0DAE4CD7732}.Silverlight3Release|Mixed Platforms.ActiveCfg = Release|Any CPU
		{10D5EB28-B12C-4128-84A6-B0DAE4CD7732}.Silverlight3Release|Mixed Platforms.Build.0 = Release|Any CPU
		{10D5EB28-B12C-4128-84A6-B0DAE4CD7732}.Silverlight3Release|x86.ActiveCfg = Release|Any CPU
		{10D5EB28-B12C-4128-84A6-B0DAE4CD7732}.Silverlight4Debug|Any CPU.ActiveCfg = Debug|Any CPU
		{10D5EB28-B12C-4128-84A6-B0DAE4CD7732}.Silverlight4Debug|Any CPU.Build.0 = Debug|Any CPU
		{10D5EB28-B12C-4128-84A6-B0DAE4CD7732}.Silverlight4Debug|Mixed Platforms.ActiveCfg = Debug|Any CPU
		{10D5EB28-B12C-4128-84A6-B0DAE4CD7732}.Silverlight4Debug|Mixed Platforms.Build.0 = Debug|Any CPU
		{10D5EB28-B12C-4128-84A6-B0DAE4CD7732}.Silverlight4Debug|x86.ActiveCfg = Debug|Any CPU
		{10D5EB28-B12C-4128-84A6-B0DAE4CD7732}.Silverlight4Release|Any CPU.ActiveCfg = Release|Any CPU
		{10D5EB28-B12C-4128-84A6-B0DAE4CD7732}.Silverlight4Release|Any CPU.Build.0 = Release|Any CPU
		{10D5EB28-B12C-4128-84A6-B0DAE4CD7732}.Silverlight4Release|Mixed Platforms.ActiveCfg = Release|Any CPU
		{10D5EB28-B12C-4128-84A6-B0DAE4CD7732}.Silverlight4Release|Mixed Platforms.Build.0 = Release|Any CPU
		{10D5EB28-B12C-4128-84A6-B0DAE4CD7732}.Silverlight4Release|x86.ActiveCfg = Release|Any CPU
		{10D5EB28-B12C-4128-84A6-B0DAE4CD7732}.v2Debug|Any CPU.ActiveCfg = Debug|Any CPU
		{10D5EB28-B12C-4128-84A6-B0DAE4CD7732}.v2Debug|Any CPU.Build.0 = Debug|Any CPU
		{10D5EB28-B12C-4128-84A6-B0DAE4CD7732}.v2Debug|Mixed Platforms.ActiveCfg = Debug|Any CPU
		{10D5EB28-B12C-4128-84A6-B0DAE4CD7732}.v2Debug|Mixed Platforms.Build.0 = Debug|Any CPU
		{10D5EB28-B12C-4128-84A6-B0DAE4CD7732}.v2Debug|x86.ActiveCfg = Debug|Any CPU
		{10D5EB28-B12C-4128-84A6-B0DAE4CD7732}.v2Release|Any CPU.ActiveCfg = Release|Any CPU
		{10D5EB28-B12C-4128-84A6-B0DAE4CD7732}.v2Release|Any CPU.Build.0 = Release|Any CPU
		{10D5EB28-B12C-4128-84A6-B0DAE4CD7732}.v2Release|Mixed Platforms.ActiveCfg = Release|Any CPU
		{10D5EB28-B12C-4128-84A6-B0DAE4CD7732}.v2Release|Mixed Platforms.Build.0 = Release|Any CPU
		{10D5EB28-B12C-4128-84A6-B0DAE4CD7732}.v2Release|x86.ActiveCfg = Release|Any CPU
		{C1E23F05-F4AC-4769-893A-97F43B03B4C5}.Debug|Any CPU.ActiveCfg = Debug|Any CPU
		{C1E23F05-F4AC-4769-893A-97F43B03B4C5}.Debug|Any CPU.Build.0 = Debug|Any CPU
		{C1E23F05-F4AC-4769-893A-97F43B03B4C5}.Debug|Mixed Platforms.ActiveCfg = Debug|Any CPU
		{C1E23F05-F4AC-4769-893A-97F43B03B4C5}.Debug|Mixed Platforms.Build.0 = Debug|Any CPU
		{C1E23F05-F4AC-4769-893A-97F43B03B4C5}.Debug|x86.ActiveCfg = Debug|Any CPU
		{C1E23F05-F4AC-4769-893A-97F43B03B4C5}.FxCop|Any CPU.ActiveCfg = Release|Any CPU
		{C1E23F05-F4AC-4769-893A-97F43B03B4C5}.FxCop|Any CPU.Build.0 = Release|Any CPU
		{C1E23F05-F4AC-4769-893A-97F43B03B4C5}.FxCop|Mixed Platforms.ActiveCfg = Release|Any CPU
		{C1E23F05-F4AC-4769-893A-97F43B03B4C5}.FxCop|Mixed Platforms.Build.0 = Release|Any CPU
		{C1E23F05-F4AC-4769-893A-97F43B03B4C5}.FxCop|x86.ActiveCfg = Release|Any CPU
		{C1E23F05-F4AC-4769-893A-97F43B03B4C5}.Release|Any CPU.ActiveCfg = Release|Any CPU
		{C1E23F05-F4AC-4769-893A-97F43B03B4C5}.Release|Any CPU.Build.0 = Release|Any CPU
		{C1E23F05-F4AC-4769-893A-97F43B03B4C5}.Release|Mixed Platforms.ActiveCfg = Release|Any CPU
		{C1E23F05-F4AC-4769-893A-97F43B03B4C5}.Release|Mixed Platforms.Build.0 = Release|Any CPU
		{C1E23F05-F4AC-4769-893A-97F43B03B4C5}.Release|x86.ActiveCfg = Release|Any CPU
		{C1E23F05-F4AC-4769-893A-97F43B03B4C5}.Silverlight3Debug|Any CPU.ActiveCfg = Debug|Any CPU
		{C1E23F05-F4AC-4769-893A-97F43B03B4C5}.Silverlight3Debug|Any CPU.Build.0 = Debug|Any CPU
		{C1E23F05-F4AC-4769-893A-97F43B03B4C5}.Silverlight3Debug|Mixed Platforms.ActiveCfg = Debug|Any CPU
		{C1E23F05-F4AC-4769-893A-97F43B03B4C5}.Silverlight3Debug|Mixed Platforms.Build.0 = Debug|Any CPU
		{C1E23F05-F4AC-4769-893A-97F43B03B4C5}.Silverlight3Debug|x86.ActiveCfg = Debug|Any CPU
		{C1E23F05-F4AC-4769-893A-97F43B03B4C5}.Silverlight3Release|Any CPU.ActiveCfg = Release|Any CPU
		{C1E23F05-F4AC-4769-893A-97F43B03B4C5}.Silverlight3Release|Any CPU.Build.0 = Release|Any CPU
		{C1E23F05-F4AC-4769-893A-97F43B03B4C5}.Silverlight3Release|Mixed Platforms.ActiveCfg = Release|Any CPU
		{C1E23F05-F4AC-4769-893A-97F43B03B4C5}.Silverlight3Release|Mixed Platforms.Build.0 = Release|Any CPU
		{C1E23F05-F4AC-4769-893A-97F43B03B4C5}.Silverlight3Release|x86.ActiveCfg = Release|Any CPU
		{C1E23F05-F4AC-4769-893A-97F43B03B4C5}.Silverlight4Debug|Any CPU.ActiveCfg = Debug|Any CPU
		{C1E23F05-F4AC-4769-893A-97F43B03B4C5}.Silverlight4Debug|Any CPU.Build.0 = Debug|Any CPU
		{C1E23F05-F4AC-4769-893A-97F43B03B4C5}.Silverlight4Debug|Mixed Platforms.ActiveCfg = Debug|Any CPU
		{C1E23F05-F4AC-4769-893A-97F43B03B4C5}.Silverlight4Debug|Mixed Platforms.Build.0 = Debug|Any CPU
		{C1E23F05-F4AC-4769-893A-97F43B03B4C5}.Silverlight4Debug|x86.ActiveCfg = Debug|Any CPU
		{C1E23F05-F4AC-4769-893A-97F43B03B4C5}.Silverlight4Release|Any CPU.ActiveCfg = Release|Any CPU
		{C1E23F05-F4AC-4769-893A-97F43B03B4C5}.Silverlight4Release|Any CPU.Build.0 = Release|Any CPU
		{C1E23F05-F4AC-4769-893A-97F43B03B4C5}.Silverlight4Release|Mixed Platforms.ActiveCfg = Release|Any CPU
		{C1E23F05-F4AC-4769-893A-97F43B03B4C5}.Silverlight4Release|Mixed Platforms.Build.0 = Release|Any CPU
		{C1E23F05-F4AC-4769-893A-97F43B03B4C5}.Silverlight4Release|x86.ActiveCfg = Release|Any CPU
		{C1E23F05-F4AC-4769-893A-97F43B03B4C5}.v2Debug|Any CPU.ActiveCfg = Debug|Any CPU
		{C1E23F05-F4AC-4769-893A-97F43B03B4C5}.v2Debug|Any CPU.Build.0 = Debug|Any CPU
		{C1E23F05-F4AC-4769-893A-97F43B03B4C5}.v2Debug|Mixed Platforms.ActiveCfg = Debug|Any CPU
		{C1E23F05-F4AC-4769-893A-97F43B03B4C5}.v2Debug|Mixed Platforms.Build.0 = Debug|Any CPU
		{C1E23F05-F4AC-4769-893A-97F43B03B4C5}.v2Debug|x86.ActiveCfg = Debug|Any CPU
		{C1E23F05-F4AC-4769-893A-97F43B03B4C5}.v2Release|Any CPU.ActiveCfg = Release|Any CPU
		{C1E23F05-F4AC-4769-893A-97F43B03B4C5}.v2Release|Any CPU.Build.0 = Release|Any CPU
		{C1E23F05-F4AC-4769-893A-97F43B03B4C5}.v2Release|Mixed Platforms.ActiveCfg = Release|Any CPU
		{C1E23F05-F4AC-4769-893A-97F43B03B4C5}.v2Release|Mixed Platforms.Build.0 = Release|Any CPU
		{C1E23F05-F4AC-4769-893A-97F43B03B4C5}.v2Release|x86.ActiveCfg = Release|Any CPU
		{82CE6C5E-2638-45A4-BCB4-100062ECD73D}.Debug|Any CPU.ActiveCfg = Debug|Any CPU
		{82CE6C5E-2638-45A4-BCB4-100062ECD73D}.Debug|Any CPU.Build.0 = Debug|Any CPU
		{82CE6C5E-2638-45A4-BCB4-100062ECD73D}.Debug|Mixed Platforms.ActiveCfg = Debug|Any CPU
		{82CE6C5E-2638-45A4-BCB4-100062ECD73D}.Debug|Mixed Platforms.Build.0 = Debug|Any CPU
		{82CE6C5E-2638-45A4-BCB4-100062ECD73D}.Debug|x86.ActiveCfg = Debug|Any CPU
		{82CE6C5E-2638-45A4-BCB4-100062ECD73D}.FxCop|Any CPU.ActiveCfg = Release|Any CPU
		{82CE6C5E-2638-45A4-BCB4-100062ECD73D}.FxCop|Any CPU.Build.0 = Release|Any CPU
		{82CE6C5E-2638-45A4-BCB4-100062ECD73D}.FxCop|Mixed Platforms.ActiveCfg = Release|Any CPU
		{82CE6C5E-2638-45A4-BCB4-100062ECD73D}.FxCop|Mixed Platforms.Build.0 = Release|Any CPU
		{82CE6C5E-2638-45A4-BCB4-100062ECD73D}.FxCop|x86.ActiveCfg = Release|Any CPU
		{82CE6C5E-2638-45A4-BCB4-100062ECD73D}.Release|Any CPU.ActiveCfg = Release|Any CPU
		{82CE6C5E-2638-45A4-BCB4-100062ECD73D}.Release|Any CPU.Build.0 = Release|Any CPU
		{82CE6C5E-2638-45A4-BCB4-100062ECD73D}.Release|Mixed Platforms.ActiveCfg = Release|Any CPU
		{82CE6C5E-2638-45A4-BCB4-100062ECD73D}.Release|Mixed Platforms.Build.0 = Release|Any CPU
		{82CE6C5E-2638-45A4-BCB4-100062ECD73D}.Release|x86.ActiveCfg = Release|Any CPU
		{82CE6C5E-2638-45A4-BCB4-100062ECD73D}.Silverlight3Debug|Any CPU.ActiveCfg = Debug|Any CPU
		{82CE6C5E-2638-45A4-BCB4-100062ECD73D}.Silverlight3Debug|Any CPU.Build.0 = Debug|Any CPU
		{82CE6C5E-2638-45A4-BCB4-100062ECD73D}.Silverlight3Debug|Mixed Platforms.ActiveCfg = Debug|Any CPU
		{82CE6C5E-2638-45A4-BCB4-100062ECD73D}.Silverlight3Debug|Mixed Platforms.Build.0 = Debug|Any CPU
		{82CE6C5E-2638-45A4-BCB4-100062ECD73D}.Silverlight3Debug|x86.ActiveCfg = Debug|Any CPU
		{82CE6C5E-2638-45A4-BCB4-100062ECD73D}.Silverlight3Release|Any CPU.ActiveCfg = Release|Any CPU
		{82CE6C5E-2638-45A4-BCB4-100062ECD73D}.Silverlight3Release|Any CPU.Build.0 = Release|Any CPU
		{82CE6C5E-2638-45A4-BCB4-100062ECD73D}.Silverlight3Release|Mixed Platforms.ActiveCfg = Release|Any CPU
		{82CE6C5E-2638-45A4-BCB4-100062ECD73D}.Silverlight3Release|Mixed Platforms.Build.0 = Release|Any CPU
		{82CE6C5E-2638-45A4-BCB4-100062ECD73D}.Silverlight3Release|x86.ActiveCfg = Release|Any CPU
		{82CE6C5E-2638-45A4-BCB4-100062ECD73D}.Silverlight4Debug|Any CPU.ActiveCfg = Debug|Any CPU
		{82CE6C5E-2638-45A4-BCB4-100062ECD73D}.Silverlight4Debug|Any CPU.Build.0 = Debug|Any CPU
		{82CE6C5E-2638-45A4-BCB4-100062ECD73D}.Silverlight4Debug|Mixed Platforms.ActiveCfg = Debug|Any CPU
		{82CE6C5E-2638-45A4-BCB4-100062ECD73D}.Silverlight4Debug|Mixed Platforms.Build.0 = Debug|Any CPU
		{82CE6C5E-2638-45A4-BCB4-100062ECD73D}.Silverlight4Debug|x86.ActiveCfg = Debug|Any CPU
		{82CE6C5E-2638-45A4-BCB4-100062ECD73D}.Silverlight4Release|Any CPU.ActiveCfg = Release|Any CPU
		{82CE6C5E-2638-45A4-BCB4-100062ECD73D}.Silverlight4Release|Any CPU.Build.0 = Release|Any CPU
		{82CE6C5E-2638-45A4-BCB4-100062ECD73D}.Silverlight4Release|Mixed Platforms.ActiveCfg = Release|Any CPU
		{82CE6C5E-2638-45A4-BCB4-100062ECD73D}.Silverlight4Release|Mixed Platforms.Build.0 = Release|Any CPU
		{82CE6C5E-2638-45A4-BCB4-100062ECD73D}.Silverlight4Release|x86.ActiveCfg = Release|Any CPU
		{82CE6C5E-2638-45A4-BCB4-100062ECD73D}.v2Debug|Any CPU.ActiveCfg = Debug|Any CPU
		{82CE6C5E-2638-45A4-BCB4-100062ECD73D}.v2Debug|Any CPU.Build.0 = Debug|Any CPU
		{82CE6C5E-2638-45A4-BCB4-100062ECD73D}.v2Debug|Mixed Platforms.ActiveCfg = Debug|Any CPU
		{82CE6C5E-2638-45A4-BCB4-100062ECD73D}.v2Debug|Mixed Platforms.Build.0 = Debug|Any CPU
		{82CE6C5E-2638-45A4-BCB4-100062ECD73D}.v2Debug|x86.ActiveCfg = Debug|Any CPU
		{82CE6C5E-2638-45A4-BCB4-100062ECD73D}.v2Release|Any CPU.ActiveCfg = Release|Any CPU
		{82CE6C5E-2638-45A4-BCB4-100062ECD73D}.v2Release|Any CPU.Build.0 = Release|Any CPU
		{82CE6C5E-2638-45A4-BCB4-100062ECD73D}.v2Release|Mixed Platforms.ActiveCfg = Release|Any CPU
		{82CE6C5E-2638-45A4-BCB4-100062ECD73D}.v2Release|Mixed Platforms.Build.0 = Release|Any CPU
		{82CE6C5E-2638-45A4-BCB4-100062ECD73D}.v2Release|x86.ActiveCfg = Release|Any CPU
		{B19C4325-8060-46BC-81E6-99D8DE09ADAC}.Debug|Any CPU.ActiveCfg = Debug|Any CPU
		{B19C4325-8060-46BC-81E6-99D8DE09ADAC}.Debug|Any CPU.Build.0 = Debug|Any CPU
		{B19C4325-8060-46BC-81E6-99D8DE09ADAC}.Debug|Mixed Platforms.ActiveCfg = Debug|Any CPU
		{B19C4325-8060-46BC-81E6-99D8DE09ADAC}.Debug|Mixed Platforms.Build.0 = Debug|Any CPU
		{B19C4325-8060-46BC-81E6-99D8DE09ADAC}.Debug|x86.ActiveCfg = Debug|Any CPU
		{B19C4325-8060-46BC-81E6-99D8DE09ADAC}.FxCop|Any CPU.ActiveCfg = Release|Any CPU
		{B19C4325-8060-46BC-81E6-99D8DE09ADAC}.FxCop|Any CPU.Build.0 = Release|Any CPU
		{B19C4325-8060-46BC-81E6-99D8DE09ADAC}.FxCop|Mixed Platforms.ActiveCfg = Release|Any CPU
		{B19C4325-8060-46BC-81E6-99D8DE09ADAC}.FxCop|Mixed Platforms.Build.0 = Release|Any CPU
		{B19C4325-8060-46BC-81E6-99D8DE09ADAC}.FxCop|x86.ActiveCfg = Release|Any CPU
		{B19C4325-8060-46BC-81E6-99D8DE09ADAC}.Release|Any CPU.ActiveCfg = Release|Any CPU
		{B19C4325-8060-46BC-81E6-99D8DE09ADAC}.Release|Any CPU.Build.0 = Release|Any CPU
		{B19C4325-8060-46BC-81E6-99D8DE09ADAC}.Release|Mixed Platforms.ActiveCfg = Release|Any CPU
		{B19C4325-8060-46BC-81E6-99D8DE09ADAC}.Release|Mixed Platforms.Build.0 = Release|Any CPU
		{B19C4325-8060-46BC-81E6-99D8DE09ADAC}.Release|x86.ActiveCfg = Release|Any CPU
		{B19C4325-8060-46BC-81E6-99D8DE09ADAC}.Silverlight3Debug|Any CPU.ActiveCfg = Debug|Any CPU
		{B19C4325-8060-46BC-81E6-99D8DE09ADAC}.Silverlight3Debug|Any CPU.Build.0 = Debug|Any CPU
		{B19C4325-8060-46BC-81E6-99D8DE09ADAC}.Silverlight3Debug|Mixed Platforms.ActiveCfg = Debug|Any CPU
		{B19C4325-8060-46BC-81E6-99D8DE09ADAC}.Silverlight3Debug|Mixed Platforms.Build.0 = Debug|Any CPU
		{B19C4325-8060-46BC-81E6-99D8DE09ADAC}.Silverlight3Debug|x86.ActiveCfg = Debug|Any CPU
		{B19C4325-8060-46BC-81E6-99D8DE09ADAC}.Silverlight3Release|Any CPU.ActiveCfg = Release|Any CPU
		{B19C4325-8060-46BC-81E6-99D8DE09ADAC}.Silverlight3Release|Any CPU.Build.0 = Release|Any CPU
		{B19C4325-8060-46BC-81E6-99D8DE09ADAC}.Silverlight3Release|Mixed Platforms.ActiveCfg = Release|Any CPU
		{B19C4325-8060-46BC-81E6-99D8DE09ADAC}.Silverlight3Release|Mixed Platforms.Build.0 = Release|Any CPU
		{B19C4325-8060-46BC-81E6-99D8DE09ADAC}.Silverlight3Release|x86.ActiveCfg = Release|Any CPU
		{B19C4325-8060-46BC-81E6-99D8DE09ADAC}.Silverlight4Debug|Any CPU.ActiveCfg = Debug|Any CPU
		{B19C4325-8060-46BC-81E6-99D8DE09ADAC}.Silverlight4Debug|Any CPU.Build.0 = Debug|Any CPU
		{B19C4325-8060-46BC-81E6-99D8DE09ADAC}.Silverlight4Debug|Mixed Platforms.ActiveCfg = Debug|Any CPU
		{B19C4325-8060-46BC-81E6-99D8DE09ADAC}.Silverlight4Debug|Mixed Platforms.Build.0 = Debug|Any CPU
		{B19C4325-8060-46BC-81E6-99D8DE09ADAC}.Silverlight4Debug|x86.ActiveCfg = Debug|Any CPU
		{B19C4325-8060-46BC-81E6-99D8DE09ADAC}.Silverlight4Release|Any CPU.ActiveCfg = Release|Any CPU
		{B19C4325-8060-46BC-81E6-99D8DE09ADAC}.Silverlight4Release|Any CPU.Build.0 = Release|Any CPU
		{B19C4325-8060-46BC-81E6-99D8DE09ADAC}.Silverlight4Release|Mixed Platforms.ActiveCfg = Release|Any CPU
		{B19C4325-8060-46BC-81E6-99D8DE09ADAC}.Silverlight4Release|Mixed Platforms.Build.0 = Release|Any CPU
		{B19C4325-8060-46BC-81E6-99D8DE09ADAC}.Silverlight4Release|x86.ActiveCfg = Release|Any CPU
		{B19C4325-8060-46BC-81E6-99D8DE09ADAC}.v2Debug|Any CPU.ActiveCfg = Debug|Any CPU
		{B19C4325-8060-46BC-81E6-99D8DE09ADAC}.v2Debug|Any CPU.Build.0 = Debug|Any CPU
		{B19C4325-8060-46BC-81E6-99D8DE09ADAC}.v2Debug|Mixed Platforms.ActiveCfg = Debug|Any CPU
		{B19C4325-8060-46BC-81E6-99D8DE09ADAC}.v2Debug|Mixed Platforms.Build.0 = Debug|Any CPU
		{B19C4325-8060-46BC-81E6-99D8DE09ADAC}.v2Debug|x86.ActiveCfg = Debug|Any CPU
		{B19C4325-8060-46BC-81E6-99D8DE09ADAC}.v2Release|Any CPU.ActiveCfg = Release|Any CPU
		{B19C4325-8060-46BC-81E6-99D8DE09ADAC}.v2Release|Any CPU.Build.0 = Release|Any CPU
		{B19C4325-8060-46BC-81E6-99D8DE09ADAC}.v2Release|Mixed Platforms.ActiveCfg = Release|Any CPU
		{B19C4325-8060-46BC-81E6-99D8DE09ADAC}.v2Release|Mixed Platforms.Build.0 = Release|Any CPU
		{B19C4325-8060-46BC-81E6-99D8DE09ADAC}.v2Release|x86.ActiveCfg = Release|Any CPU
	EndGlobalSection
	GlobalSection(SolutionProperties) = preSolution
		HideSolutionNode = FALSE
	EndGlobalSection
EndGlobal
